
Microsoft Visual Studio Solution File, Format Version 12.00
# Visual Studio Version 16
VisualStudioVersion = 16.0.31129.286
MinimumVisualStudioVersion = 10.0.40219.1
Project("{FAE04EC0-301F-11D3-BF4B-00C04F79EFBC}") = "BlazorBattles.Server", "BlazorBattles\Server\BlazorBattles.Server.csproj", "{54CB8C37-ADDB-4AEA-8701-EEAB4FA80FB1}"
EndProject
Project("{FAE04EC0-301F-11D3-BF4B-00C04F79EFBC}") = "BlazorBattles.Client", "BlazorBattles\Client\BlazorBattles.Client.csproj", "{7467EEF6-22E8-45BE-A005-2CE549FD5343}"
EndProject
Project("{FAE04EC0-301F-11D3-BF4B-00C04F79EFBC}") = "BlazorBattles.Shared", "BlazorBattles\Shared\BlazorBattles.Shared.csproj", "{751A0D16-BFB5-4BE8-B371-B50D9698FA33}"
EndProject
Global
	GlobalSection(SolutionConfigurationPlatforms) = preSolution
		Debug|Any CPU = Debug|Any CPU
		Release|Any CPU = Release|Any CPU
	EndGlobalSection
	GlobalSection(ProjectConfigurationPlatforms) = postSolution
		{54CB8C37-ADDB-4AEA-8701-EEAB4FA80FB1}.Debug|Any CPU.ActiveCfg = Debug|Any CPU
		{54CB8C37-ADDB-4AEA-8701-EEAB4FA80FB1}.Debug|Any CPU.Build.0 = Debug|Any CPU
		{54CB8C37-ADDB-4AEA-8701-EEAB4FA80FB1}.Release|Any CPU.ActiveCfg = Release|Any CPU
		{54CB8C37-ADDB-4AEA-8701-EEAB4FA80FB1}.Release|Any CPU.Build.0 = Release|Any CPU
		{7467EEF6-22E8-45BE-A005-2CE549FD5343}.Debug|Any CPU.ActiveCfg = Debug|Any CPU
		{7467EEF6-22E8-45BE-A005-2CE549FD5343}.Debug|Any CPU.Build.0 = Debug|Any CPU
		{7467EEF6-22E8-45BE-A005-2CE549FD5343}.Release|Any CPU.ActiveCfg = Release|Any CPU
		{7467EEF6-22E8-45BE-A005-2CE549FD5343}.Release|Any CPU.Build.0 = Release|Any CPU
		{751A0D16-BFB5-4BE8-B371-B50D9698FA33}.Debug|Any CPU.ActiveCfg = Debug|Any CPU
		{751A0D16-BFB5-4BE8-B371-B50D9698FA33}.Debug|Any CPU.Build.0 = Debug|Any CPU
		{751A0D16-BFB5-4BE8-B371-B50D9698FA33}.Release|Any CPU.ActiveCfg = Release|Any CPU
		{751A0D16-BFB5-4BE8-B371-B50D9698FA33}.Release|Any CPU.Build.0 = Release|Any CPU
	EndGlobalSection
	GlobalSection(SolutionProperties) = preSolution
		HideSolutionNode = FALSE
	EndGlobalSection
	GlobalSection(ExtensibilityGlobals) = postSolution
		SolutionGuid = {48B4EE5E-AE40-41C0-924D-5FF254981D18}
	EndGlobalSection
EndGlobal
